
Microsoft Visual Studio Solution File, Format Version 12.00
# Visual Studio Version 16
VisualStudioVersion = 16.0.29926.136
MinimumVisualStudioVersion = 10.0.40219.1
Project("{8BC9CEB8-8B4A-11D0-8D11-00A0C91BC942}") = "Utility", "Utility\Utility.vcxproj", "{78E8E6A3-E73C-4958-997A-64355C12D736}"
EndProject
Project("{FAE04EC0-301F-11D3-BF4B-00C04F79EFBC}") = "IUtility", "IUtility\IUtility.csproj", "{38CB8A82-C946-49CC-8140-F0A738DA6535}"
EndProject
Project("{FAE04EC0-301F-11D3-BF4B-00C04F79EFBC}") = "LicenseManager", "LicenseManager\LicenseManager.csproj", "{66813B7E-F1FA-4BE0-9F32-6926F9E85ECF}"
	ProjectSection(ProjectDependencies) = postProject
		{78E8E6A3-E73C-4958-997A-64355C12D736} = {78E8E6A3-E73C-4958-997A-64355C12D736}
	EndProjectSection
EndProject
Global
	GlobalSection(SolutionConfigurationPlatforms) = preSolution
		Debug|x64 = Debug|x64
		Debug|x86 = Debug|x86
		Release|x64 = Release|x64
		Release|x86 = Release|x86
	EndGlobalSection
	GlobalSection(ProjectConfigurationPlatforms) = postSolution
		{78E8E6A3-E73C-4958-997A-64355C12D736}.Debug|x64.ActiveCfg = Debug|x64
		{78E8E6A3-E73C-4958-997A-64355C12D736}.Debug|x64.Build.0 = Debug|x64
		{78E8E6A3-E73C-4958-997A-64355C12D736}.Debug|x86.ActiveCfg = Debug|Win32
		{78E8E6A3-E73C-4958-997A-64355C12D736}.Debug|x86.Build.0 = Debug|Win32
		{78E8E6A3-E73C-4958-997A-64355C12D736}.Release|x64.ActiveCfg = Release|x64
		{78E8E6A3-E73C-4958-997A-64355C12D736}.Release|x64.Build.0 = Release|x64
		{78E8E6A3-E73C-4958-997A-64355C12D736}.Release|x86.ActiveCfg = Release|Win32
		{78E8E6A3-E73C-4958-997A-64355C12D736}.Release|x86.Build.0 = Release|Win32
		{38CB8A82-C946-49CC-8140-F0A738DA6535}.Debug|x64.ActiveCfg = Debug|x64
		{38CB8A82-C946-49CC-8140-F0A738DA6535}.Debug|x64.Build.0 = Debug|x64
		{38CB8A82-C946-49CC-8140-F0A738DA6535}.Debug|x86.ActiveCfg = Debug|x86
		{38CB8A82-C946-49CC-8140-F0A738DA6535}.Debug|x86.Build.0 = Debug|x86
		{38CB8A82-C946-49CC-8140-F0A738DA6535}.Release|x64.ActiveCfg = Release|x64
		{38CB8A82-C946-49CC-8140-F0A738DA6535}.Release|x64.Build.0 = Release|x64
		{38CB8A82-C946-49CC-8140-F0A738DA6535}.Release|x86.ActiveCfg = Release|x86
		{38CB8A82-C946-49CC-8140-F0A738DA6535}.Release|x86.Build.0 = Release|x86
		{66813B7E-F1FA-4BE0-9F32-6926F9E85ECF}.Debug|x64.ActiveCfg = Debug|x64
		{66813B7E-F1FA-4BE0-9F32-6926F9E85ECF}.Debug|x64.Build.0 = Debug|x64
		{66813B7E-F1FA-4BE0-9F32-6926F9E85ECF}.Debug|x86.ActiveCfg = Debug|x86
		{66813B7E-F1FA-4BE0-9F32-6926F9E85ECF}.Debug|x86.Build.0 = Debug|x86
		{66813B7E-F1FA-4BE0-9F32-6926F9E85ECF}.Release|x64.ActiveCfg = Release|x64
		{66813B7E-F1FA-4BE0-9F32-6926F9E85ECF}.Release|x64.Build.0 = Release|x64
		{66813B7E-F1FA-4BE0-9F32-6926F9E85ECF}.Release|x86.ActiveCfg = Release|x86
		{66813B7E-F1FA-4BE0-9F32-6926F9E85ECF}.Release|x86.Build.0 = Release|x86
	EndGlobalSection
	GlobalSection(SolutionProperties) = preSolution
		HideSolutionNode = FALSE
	EndGlobalSection
	GlobalSection(ExtensibilityGlobals) = postSolution
		SolutionGuid = {3B8CF23F-8FBE-45E0-A7DD-CDA7CD142AD3}
	EndGlobalSection
EndGlobal
